
Microsoft Visual Studio Solution File, Format Version 12.00
# Visual Studio Version 17
VisualStudioVersion = 17.9.34622.214
MinimumVisualStudioVersion = 10.0.40219.1
Project("{FAE04EC0-301F-11D3-BF4B-00C04F79EFBC}") = "SzepKiskacsaWPF", "SzepKiskacsaWPF\SzepKiskacsaWPF.csproj", "{72631313-6852-469F-B841-4C9934D324D3}"
EndProject
Global
	GlobalSection(SolutionConfigurationPlatforms) = preSolution
		Debug|Any CPU = Debug|Any CPU
		Release|Any CPU = Release|Any CPU
	EndGlobalSection
	GlobalSection(ProjectConfigurationPlatforms) = postSolution
		{72631313-6852-469F-B841-4C9934D324D3}.Debug|Any CPU.ActiveCfg = Debug|Any CPU
		{72631313-6852-469F-B841-4C9934D324D3}.Debug|Any CPU.Build.0 = Debug|Any CPU
		{72631313-6852-469F-B841-4C9934D324D3}.Release|Any CPU.ActiveCfg = Release|Any CPU
		{72631313-6852-469F-B841-4C9934D324D3}.Release|Any CPU.Build.0 = Release|Any CPU
	EndGlobalSection
	GlobalSection(SolutionProperties) = preSolution
		HideSolutionNode = FALSE
	EndGlobalSection
	GlobalSection(ExtensibilityGlobals) = postSolution
		SolutionGuid = {78971CFB-6FD5-498E-AF9A-9DDC7E4AC5B5}
	EndGlobalSection
EndGlobal
