
Microsoft Visual Studio Solution File, Format Version 12.00
# Visual Studio Version 17
VisualStudioVersion = 17.9.34622.214
MinimumVisualStudioVersion = 10.0.40219.1
Project("{9A19103F-16F7-4668-BE54-9A1E7A4F7556}") = "BlazorApp1", "BlazorApp1\BlazorApp1.csproj", "{965298F2-9D66-4FA4-A949-8C939A710F86}"
EndProject
Project("{FAE04EC0-301F-11D3-BF4B-00C04F79EFBC}") = "MovieBlazorAPI", "MovieBlazorAPI\MovieBlazorAPI.csproj", "{D56A3552-06B1-4A4A-930D-7E875C910120}"
EndProject
Global
	GlobalSection(SolutionConfigurationPlatforms) = preSolution
		Debug|Any CPU = Debug|Any CPU
		Release|Any CPU = Release|Any CPU
	EndGlobalSection
	GlobalSection(ProjectConfigurationPlatforms) = postSolution
		{965298F2-9D66-4FA4-A949-8C939A710F86}.Debug|Any CPU.ActiveCfg = Debug|Any CPU
		{965298F2-9D66-4FA4-A949-8C939A710F86}.Debug|Any CPU.Build.0 = Debug|Any CPU
		{965298F2-9D66-4FA4-A949-8C939A710F86}.Release|Any CPU.ActiveCfg = Release|Any CPU
		{965298F2-9D66-4FA4-A949-8C939A710F86}.Release|Any CPU.Build.0 = Release|Any CPU
		{D56A3552-06B1-4A4A-930D-7E875C910120}.Debug|Any CPU.ActiveCfg = Debug|Any CPU
		{D56A3552-06B1-4A4A-930D-7E875C910120}.Debug|Any CPU.Build.0 = Debug|Any CPU
		{D56A3552-06B1-4A4A-930D-7E875C910120}.Release|Any CPU.ActiveCfg = Release|Any CPU
		{D56A3552-06B1-4A4A-930D-7E875C910120}.Release|Any CPU.Build.0 = Release|Any CPU
	EndGlobalSection
	GlobalSection(SolutionProperties) = preSolution
		HideSolutionNode = FALSE
	EndGlobalSection
	GlobalSection(ExtensibilityGlobals) = postSolution
		SolutionGuid = {C3071D61-D5BC-46F1-A76E-FDD1424610D5}
	EndGlobalSection
EndGlobal
