
Microsoft Visual Studio Solution File, Format Version 12.00
# Visual Studio Version 17
VisualStudioVersion = 17.9.34607.119
MinimumVisualStudioVersion = 10.0.40219.1
Project("{FAE04EC0-301F-11D3-BF4B-00C04F79EFBC}") = "Lab2WPF", "Lab2WPF\Lab2WPF.csproj", "{2733C745-DF6D-4234-8FB4-5BBFF40125E0}"
EndProject
Global
	GlobalSection(SolutionConfigurationPlatforms) = preSolution
		Debug|Any CPU = Debug|Any CPU
		Release|Any CPU = Release|Any CPU
	EndGlobalSection
	GlobalSection(ProjectConfigurationPlatforms) = postSolution
		{2733C745-DF6D-4234-8FB4-5BBFF40125E0}.Debug|Any CPU.ActiveCfg = Debug|Any CPU
		{2733C745-DF6D-4234-8FB4-5BBFF40125E0}.Debug|Any CPU.Build.0 = Debug|Any CPU
		{2733C745-DF6D-4234-8FB4-5BBFF40125E0}.Release|Any CPU.ActiveCfg = Release|Any CPU
		{2733C745-DF6D-4234-8FB4-5BBFF40125E0}.Release|Any CPU.Build.0 = Release|Any CPU
	EndGlobalSection
	GlobalSection(SolutionProperties) = preSolution
		HideSolutionNode = FALSE
	EndGlobalSection
	GlobalSection(ExtensibilityGlobals) = postSolution
		SolutionGuid = {29503166-18DB-4BED-9222-AB3CF2884497}
	EndGlobalSection
EndGlobal
