
Microsoft Visual Studio Solution File, Format Version 12.00
# Visual Studio Version 17
VisualStudioVersion = 17.9.34622.214
MinimumVisualStudioVersion = 10.0.40219.1
Project("{FAE04EC0-301F-11D3-BF4B-00C04F79EFBC}") = "MauiApp3", "MauiApp3\MauiApp3.csproj", "{2578B1A2-ADD8-4E7E-8285-3A052713A381}"
EndProject
Global
	GlobalSection(SolutionConfigurationPlatforms) = preSolution
		Debug|Any CPU = Debug|Any CPU
		Release|Any CPU = Release|Any CPU
	EndGlobalSection
	GlobalSection(ProjectConfigurationPlatforms) = postSolution
		{2578B1A2-ADD8-4E7E-8285-3A052713A381}.Debug|Any CPU.ActiveCfg = Debug|Any CPU
		{2578B1A2-ADD8-4E7E-8285-3A052713A381}.Debug|Any CPU.Build.0 = Debug|Any CPU
		{2578B1A2-ADD8-4E7E-8285-3A052713A381}.Debug|Any CPU.Deploy.0 = Debug|Any CPU
		{2578B1A2-ADD8-4E7E-8285-3A052713A381}.Release|Any CPU.ActiveCfg = Release|Any CPU
		{2578B1A2-ADD8-4E7E-8285-3A052713A381}.Release|Any CPU.Build.0 = Release|Any CPU
		{2578B1A2-ADD8-4E7E-8285-3A052713A381}.Release|Any CPU.Deploy.0 = Release|Any CPU
	EndGlobalSection
	GlobalSection(SolutionProperties) = preSolution
		HideSolutionNode = FALSE
	EndGlobalSection
	GlobalSection(ExtensibilityGlobals) = postSolution
		SolutionGuid = {5960FBE0-C34A-4C5F-BE51-44091501B36E}
	EndGlobalSection
EndGlobal
